
Microsoft Visual Studio Solution File, Format Version 12.00
# Visual Studio Version 17
VisualStudioVersion = 17.0.31903.59
MinimumVisualStudioVersion = 10.0.40219.1
Project("{9A19103F-16F7-4668-BE54-9A1E7A4F7556}") = "uSync", "uSync\uSync.csproj", "{EC6832B7-6DAD-4832-A8A2-0AFB69E0FA5A}"
EndProject
Project("{9A19103F-16F7-4668-BE54-9A1E7A4F7556}") = "uSync.BackOffice", "uSync.BackOffice\uSync.BackOffice.csproj", "{7025AB35-29A2-4C5D-994D-576C1B8A7C11}"
EndProject
Project("{9A19103F-16F7-4668-BE54-9A1E7A4F7556}") = "uSync.Backoffice.Management.Api", "uSync.Backoffice.Management.Api\uSync.Backoffice.Management.Api.csproj", "{BF723169-759D-40EE-85C1-E4AF3BD206E9}"
EndProject
Project("{9A19103F-16F7-4668-BE54-9A1E7A4F7556}") = "uSync.Backoffice.Management.Client", "uSync.Backoffice.Management.Client\uSync.Backoffice.Management.Client.csproj", "{4D8D5366-27C0-41B4-ACCB-682755E854BC}"
EndProject
Project("{9A19103F-16F7-4668-BE54-9A1E7A4F7556}") = "uSync.BackOffice.Targets", "uSync.BackOffice.Targets\uSync.BackOffice.Targets.csproj", "{FAF3EF5D-5B9B-42FA-B736-E56C86BB6429}"
EndProject
Project("{9A19103F-16F7-4668-BE54-9A1E7A4F7556}") = "uSync.Community.Contrib", "uSync.Community.Contrib\uSync.Community.Contrib.csproj", "{3EEDE2E2-AA6E-41E1-880C-40B92EECBEBE}"
EndProject
Project("{9A19103F-16F7-4668-BE54-9A1E7A4F7556}") = "uSync.Community.DataTypeSerializers", "uSync.Community.DataTypeSerializers\uSync.Community.DataTypeSerializers.csproj", "{F6955E71-F672-4E2B-AAF8-8FBFAED91370}"
EndProject
Project("{9A19103F-16F7-4668-BE54-9A1E7A4F7556}") = "uSync.Core", "uSync.Core\uSync.Core.csproj", "{BADD8835-1F99-48C1-AFD4-7119DB1696C2}"
EndProject
Project("{9A19103F-16F7-4668-BE54-9A1E7A4F7556}") = "uSync.Tests", "uSync.Tests\uSync.Tests.csproj", "{CE65549F-4EC9-4F2E-A0F3-5F4A70E2FF32}"
EndProject
Global
	GlobalSection(SolutionConfigurationPlatforms) = preSolution
		Debug|Any CPU = Debug|Any CPU
		Release|Any CPU = Release|Any CPU
	EndGlobalSection
	GlobalSection(ProjectConfigurationPlatforms) = postSolution
		{EC6832B7-6DAD-4832-A8A2-0AFB69E0FA5A}.Debug|Any CPU.ActiveCfg = Debug|Any CPU
		{EC6832B7-6DAD-4832-A8A2-0AFB69E0FA5A}.Debug|Any CPU.Build.0 = Debug|Any CPU
		{EC6832B7-6DAD-4832-A8A2-0AFB69E0FA5A}.Release|Any CPU.ActiveCfg = Release|Any CPU
		{EC6832B7-6DAD-4832-A8A2-0AFB69E0FA5A}.Release|Any CPU.Build.0 = Release|Any CPU
		{7025AB35-29A2-4C5D-994D-576C1B8A7C11}.Debug|Any CPU.ActiveCfg = Debug|Any CPU
		{7025AB35-29A2-4C5D-994D-576C1B8A7C11}.Debug|Any CPU.Build.0 = Debug|Any CPU
		{7025AB35-29A2-4C5D-994D-576C1B8A7C11}.Release|Any CPU.ActiveCfg = Release|Any CPU
		{7025AB35-29A2-4C5D-994D-576C1B8A7C11}.Release|Any CPU.Build.0 = Release|Any CPU
		{BF723169-759D-40EE-85C1-E4AF3BD206E9}.Debug|Any CPU.ActiveCfg = Debug|Any CPU
		{BF723169-759D-40EE-85C1-E4AF3BD206E9}.Debug|Any CPU.Build.0 = Debug|Any CPU
		{BF723169-759D-40EE-85C1-E4AF3BD206E9}.Release|Any CPU.ActiveCfg = Release|Any CPU
		{BF723169-759D-40EE-85C1-E4AF3BD206E9}.Release|Any CPU.Build.0 = Release|Any CPU
		{4D8D5366-27C0-41B4-ACCB-682755E854BC}.Debug|Any CPU.ActiveCfg = Debug|Any CPU
		{4D8D5366-27C0-41B4-ACCB-682755E854BC}.Debug|Any CPU.Build.0 = Debug|Any CPU
		{4D8D5366-27C0-41B4-ACCB-682755E854BC}.Release|Any CPU.ActiveCfg = Release|Any CPU
		{4D8D5366-27C0-41B4-ACCB-682755E854BC}.Release|Any CPU.Build.0 = Release|Any CPU
		{FAF3EF5D-5B9B-42FA-B736-E56C86BB6429}.Debug|Any CPU.ActiveCfg = Debug|Any CPU
		{FAF3EF5D-5B9B-42FA-B736-E56C86BB6429}.Debug|Any CPU.Build.0 = Debug|Any CPU
		{FAF3EF5D-5B9B-42FA-B736-E56C86BB6429}.Release|Any CPU.ActiveCfg = Release|Any CPU
		{FAF3EF5D-5B9B-42FA-B736-E56C86BB6429}.Release|Any CPU.Build.0 = Release|Any CPU
		{3EEDE2E2-AA6E-41E1-880C-40B92EECBEBE}.Debug|Any CPU.ActiveCfg = Debug|Any CPU
		{3EEDE2E2-AA6E-41E1-880C-40B92EECBEBE}.Debug|Any CPU.Build.0 = Debug|Any CPU
		{3EEDE2E2-AA6E-41E1-880C-40B92EECBEBE}.Release|Any CPU.ActiveCfg = Release|Any CPU
		{3EEDE2E2-AA6E-41E1-880C-40B92EECBEBE}.Release|Any CPU.Build.0 = Release|Any CPU
		{F6955E71-F672-4E2B-AAF8-8FBFAED91370}.Debug|Any CPU.ActiveCfg = Debug|Any CPU
		{F6955E71-F672-4E2B-AAF8-8FBFAED91370}.Debug|Any CPU.Build.0 = Debug|Any CPU
		{F6955E71-F672-4E2B-AAF8-8FBFAED91370}.Release|Any CPU.ActiveCfg = Release|Any CPU
		{F6955E71-F672-4E2B-AAF8-8FBFAED91370}.Release|Any CPU.Build.0 = Release|Any CPU
		{BADD8835-1F99-48C1-AFD4-7119DB1696C2}.Debug|Any CPU.ActiveCfg = Debug|Any CPU
		{BADD8835-1F99-48C1-AFD4-7119DB1696C2}.Debug|Any CPU.Build.0 = Debug|Any CPU
		{BADD8835-1F99-48C1-AFD4-7119DB1696C2}.Release|Any CPU.ActiveCfg = Release|Any CPU
		{BADD8835-1F99-48C1-AFD4-7119DB1696C2}.Release|Any CPU.Build.0 = Release|Any CPU
		{CE65549F-4EC9-4F2E-A0F3-5F4A70E2FF32}.Debug|Any CPU.ActiveCfg = Debug|Any CPU
		{CE65549F-4EC9-4F2E-A0F3-5F4A70E2FF32}.Debug|Any CPU.Build.0 = Debug|Any CPU
		{CE65549F-4EC9-4F2E-A0F3-5F4A70E2FF32}.Release|Any CPU.ActiveCfg = Release|Any CPU
		{CE65549F-4EC9-4F2E-A0F3-5F4A70E2FF32}.Release|Any CPU.Build.0 = Release|Any CPU
	EndGlobalSection
	GlobalSection(SolutionProperties) = preSolution
		HideSolutionNode = FALSE
	EndGlobalSection
EndGlobal
