
Microsoft Visual Studio Solution File, Format Version 12.00
# Visual Studio Version 16
VisualStudioVersion = 16.0.30413.136
MinimumVisualStudioVersion = 10.0.40219.1
Project("{9A19103F-16F7-4668-BE54-9A1E7A4F7556}") = "uSync.Core", "uSync.Core\uSync.Core.csproj", "{0B78DBEC-DB41-42F8-AAA8-92DE7934C411}"
EndProject
Project("{9A19103F-16F7-4668-BE54-9A1E7A4F7556}") = "uSync.BackOffice", "uSync.BackOffice\uSync.BackOffice.csproj", "{31B4979B-EF3A-4A11-8C6B-6E13C96DADB3}"
EndProject
Project("{FAE04EC0-301F-11D3-BF4B-00C04F79EFBC}") = "uSync.ContentEdition", "uSync.ContentEdition\uSync.ContentEdition.csproj", "{D89624BE-01F2-406E-AC3C-676AFE56CFA0}"
EndProject
Project("{FAE04EC0-301F-11D3-BF4B-00C04F79EFBC}") = "uSync.Community.Contrib", "uSync.Community.Contrib\uSync.Community.Contrib.csproj", "{195AFC46-80AF-4C46-A255-9B298E3CDF08}"
EndProject
Project("{9A19103F-16F7-4668-BE54-9A1E7A4F7556}") = "uSync.Site", "uSync.Site\uSync.Site.csproj", "{CAAFABF8-12F0-42BB-80CA-D11D5B80D022}"
EndProject
Global
	GlobalSection(SolutionConfigurationPlatforms) = preSolution
		Debug|Any CPU = Debug|Any CPU
		Release|Any CPU = Release|Any CPU
	EndGlobalSection
	GlobalSection(ProjectConfigurationPlatforms) = postSolution
		{0B78DBEC-DB41-42F8-AAA8-92DE7934C411}.Debug|Any CPU.ActiveCfg = Debug|Any CPU
		{0B78DBEC-DB41-42F8-AAA8-92DE7934C411}.Debug|Any CPU.Build.0 = Debug|Any CPU
		{0B78DBEC-DB41-42F8-AAA8-92DE7934C411}.Release|Any CPU.ActiveCfg = Release|Any CPU
		{0B78DBEC-DB41-42F8-AAA8-92DE7934C411}.Release|Any CPU.Build.0 = Release|Any CPU
		{31B4979B-EF3A-4A11-8C6B-6E13C96DADB3}.Debug|Any CPU.ActiveCfg = Debug|Any CPU
		{31B4979B-EF3A-4A11-8C6B-6E13C96DADB3}.Debug|Any CPU.Build.0 = Debug|Any CPU
		{31B4979B-EF3A-4A11-8C6B-6E13C96DADB3}.Release|Any CPU.ActiveCfg = Release|Any CPU
		{31B4979B-EF3A-4A11-8C6B-6E13C96DADB3}.Release|Any CPU.Build.0 = Release|Any CPU
		{D89624BE-01F2-406E-AC3C-676AFE56CFA0}.Debug|Any CPU.ActiveCfg = Debug|Any CPU
		{D89624BE-01F2-406E-AC3C-676AFE56CFA0}.Debug|Any CPU.Build.0 = Debug|Any CPU
		{D89624BE-01F2-406E-AC3C-676AFE56CFA0}.Release|Any CPU.ActiveCfg = Release|Any CPU
		{D89624BE-01F2-406E-AC3C-676AFE56CFA0}.Release|Any CPU.Build.0 = Release|Any CPU
		{195AFC46-80AF-4C46-A255-9B298E3CDF08}.Debug|Any CPU.ActiveCfg = Debug|Any CPU
		{195AFC46-80AF-4C46-A255-9B298E3CDF08}.Debug|Any CPU.Build.0 = Debug|Any CPU
		{195AFC46-80AF-4C46-A255-9B298E3CDF08}.Release|Any CPU.ActiveCfg = Release|Any CPU
		{195AFC46-80AF-4C46-A255-9B298E3CDF08}.Release|Any CPU.Build.0 = Release|Any CPU
		{CAAFABF8-12F0-42BB-80CA-D11D5B80D022}.Debug|Any CPU.ActiveCfg = Debug|Any CPU
		{CAAFABF8-12F0-42BB-80CA-D11D5B80D022}.Debug|Any CPU.Build.0 = Debug|Any CPU
		{CAAFABF8-12F0-42BB-80CA-D11D5B80D022}.Release|Any CPU.ActiveCfg = Release|Any CPU
		{CAAFABF8-12F0-42BB-80CA-D11D5B80D022}.Release|Any CPU.Build.0 = Release|Any CPU
	EndGlobalSection
	GlobalSection(SolutionProperties) = preSolution
		HideSolutionNode = FALSE
	EndGlobalSection
	GlobalSection(ExtensibilityGlobals) = postSolution
		SolutionGuid = {F3CFCE6C-BE49-42B5-A11D-C05CF7B6D54C}
	EndGlobalSection
EndGlobal
