
Microsoft Visual Studio Solution File, Format Version 12.00
# Visual Studio 15
VisualStudioVersion = 15.0.28307.271
MinimumVisualStudioVersion = 10.0.40219.1
Project("{FAE04EC0-301F-11D3-BF4B-00C04F79EFBC}") = "uSync8.Core", "uSync8.Core\uSync8.Core.csproj", "{79011408-C423-479F-9B0A-8DA465DE92EB}"
EndProject
Project("{FAE04EC0-301F-11D3-BF4B-00C04F79EFBC}") = "uSync8.BackOffice", "uSync8.BackOffice\uSync8.BackOffice.csproj", "{F2DFCB19-C9EE-471E-B8E2-E0B4DD31761D}"
EndProject
Project("{FAE04EC0-301F-11D3-BF4B-00C04F79EFBC}") = "uSync8.Site", "uSync8.Site\uSync8.Site.csproj", "{B1683E5F-A12F-4F65-A671-C5B87EA25051}"
EndProject
Project("{2150E333-8FDC-42A3-9474-1A3956D46DE8}") = "SolutionFiles", "SolutionFiles", "{6E911B34-61DC-471A-9AD7-97A74E9B3BE5}"
	ProjectSection(SolutionItems) = preProject
		gulpfile.js = gulpfile.js
		Dist\package.cmd = Dist\package.cmd
	EndProjectSection
EndProject
Global
	GlobalSection(SolutionConfigurationPlatforms) = preSolution
		Debug|Any CPU = Debug|Any CPU
		Release|Any CPU = Release|Any CPU
	EndGlobalSection
	GlobalSection(ProjectConfigurationPlatforms) = postSolution
		{79011408-C423-479F-9B0A-8DA465DE92EB}.Debug|Any CPU.ActiveCfg = Debug|Any CPU
		{79011408-C423-479F-9B0A-8DA465DE92EB}.Debug|Any CPU.Build.0 = Debug|Any CPU
		{79011408-C423-479F-9B0A-8DA465DE92EB}.Release|Any CPU.ActiveCfg = Release|Any CPU
		{79011408-C423-479F-9B0A-8DA465DE92EB}.Release|Any CPU.Build.0 = Release|Any CPU
		{F2DFCB19-C9EE-471E-B8E2-E0B4DD31761D}.Debug|Any CPU.ActiveCfg = Debug|Any CPU
		{F2DFCB19-C9EE-471E-B8E2-E0B4DD31761D}.Debug|Any CPU.Build.0 = Debug|Any CPU
		{F2DFCB19-C9EE-471E-B8E2-E0B4DD31761D}.Release|Any CPU.ActiveCfg = Release|Any CPU
		{F2DFCB19-C9EE-471E-B8E2-E0B4DD31761D}.Release|Any CPU.Build.0 = Release|Any CPU
		{B1683E5F-A12F-4F65-A671-C5B87EA25051}.Debug|Any CPU.ActiveCfg = Debug|Any CPU
		{B1683E5F-A12F-4F65-A671-C5B87EA25051}.Debug|Any CPU.Build.0 = Debug|Any CPU
		{B1683E5F-A12F-4F65-A671-C5B87EA25051}.Release|Any CPU.ActiveCfg = Release|Any CPU
		{B1683E5F-A12F-4F65-A671-C5B87EA25051}.Release|Any CPU.Build.0 = Release|Any CPU
	EndGlobalSection
	GlobalSection(SolutionProperties) = preSolution
		HideSolutionNode = FALSE
	EndGlobalSection
	GlobalSection(ExtensibilityGlobals) = postSolution
		SolutionGuid = {6168BC64-BBC4-4FEC-B81D-29A386660009}
	EndGlobalSection
EndGlobal
