
Microsoft Visual Studio Solution File, Format Version 12.00
# Visual Studio Version 17
VisualStudioVersion = 17.0.31903.59
MinimumVisualStudioVersion = 10.0.40219.1
Project("{9A19103F-16F7-4668-BE54-9A1E7A4F7556}") = "uSync.Core", "uSync.Core\uSync.Core.csproj", "{75F9817E-C8A9-4D3E-B1CD-BA02E4E14443}"
EndProject
Project("{9A19103F-16F7-4668-BE54-9A1E7A4F7556}") = "uSync.BackOffice", "uSync.BackOffice\uSync.BackOffice.csproj", "{41BC9446-FAD2-4819-AE8B-2BC5DB84D7C8}"
EndProject
Project("{9A19103F-16F7-4668-BE54-9A1E7A4F7556}") = "uSync.Community.Contrib", "uSync.Community.Contrib\uSync.Community.Contrib.csproj", "{B78A0BB0-E95A-4F38-B75C-A4645AFA49D7}"
EndProject
Project("{2150E333-8FDC-42A3-9474-1A3956D46DE8}") = "Solution Items", "Solution Items", "{AC8D82BC-EAC5-4EB5-8281-92FFA58A786F}"
	ProjectSection(SolutionItems) = preProject
		dist\build-package.ps1 = dist\build-package.ps1
		Directory.Build.props = Directory.Build.props
		global.json = global.json
		gulp-transformManifest.js = gulp-transformManifest.js
		gulpfile.js = gulpfile.js
	EndProjectSection
EndProject
Project("{9A19103F-16F7-4668-BE54-9A1E7A4F7556}") = "uSync", "uSync\uSync.csproj", "{F499A436-FA33-4B49-8900-2EDBCA6432D4}"
EndProject
Project("{9A19103F-16F7-4668-BE54-9A1E7A4F7556}") = "uSync.Community.DataTypeSerializers", "uSync.Community.DataTypeSerializers\uSync.Community.DataTypeSerializers.csproj", "{32B98DAA-2061-41B9-97C8-1788F31A05B8}"
EndProject
Project("{2150E333-8FDC-42A3-9474-1A3956D46DE8}") = "Tools", "Tools", "{35F7A5CF-8120-4F63-AC8C-776A08F6C617}"
EndProject
Project("{9A19103F-16F7-4668-BE54-9A1E7A4F7556}") = "uSync.AutoTemplates", "uSync.AutoTemplates\uSync.AutoTemplates.csproj", "{4B177C9F-9AD1-43E5-B3C9-705425244DF9}"
EndProject
Project("{9A19103F-16F7-4668-BE54-9A1E7A4F7556}") = "uSync.Tests", "uSync.Tests\uSync.Tests.csproj", "{9D169F84-1CB8-461E-B5F4-3C0291D90B3D}"
EndProject
Project("{9A19103F-16F7-4668-BE54-9A1E7A4F7556}") = "uSync.SchemaGenerator", "uSync.SchemaGenerator\uSync.SchemaGenerator.csproj", "{1E5B64E5-E8A6-42F2-9079-FB71D6D237D6}"
EndProject
Project("{9A19103F-16F7-4668-BE54-9A1E7A4F7556}") = "uSync.BackOffice.Assets", "uSync.Backoffice.Assets\uSync.BackOffice.Assets.csproj", "{4ECC3DFD-5BCB-4095-8D06-DE482DF4C6A1}"
EndProject
Project("{9A19103F-16F7-4668-BE54-9A1E7A4F7556}") = "uSync.BackOffice.Targets", "uSync.BackOffice.Targets\uSync.BackOffice.Targets.csproj", "{B09F319A-7066-4B1B-B97D-F609B558C9F4}"
EndProject
Project("{9A19103F-16F7-4668-BE54-9A1E7A4F7556}") = "uSync.History", "uSync.History\uSync.History.csproj", "{E1C572B6-218E-4152-97D2-392B9CA60F39}"
EndProject
Project("{FAE04EC0-301F-11D3-BF4B-00C04F79EFBC}") = "uSync.Site", "uSync.Site\uSync.Site.csproj", "{AC87A4C6-E947-47C0-8461-9417CEE7FB1C}"
EndProject
Global
	GlobalSection(SolutionConfigurationPlatforms) = preSolution
		Debug|Any CPU = Debug|Any CPU
		Release|Any CPU = Release|Any CPU
	EndGlobalSection
	GlobalSection(ProjectConfigurationPlatforms) = postSolution
		{75F9817E-C8A9-4D3E-B1CD-BA02E4E14443}.Debug|Any CPU.ActiveCfg = Debug|Any CPU
		{75F9817E-C8A9-4D3E-B1CD-BA02E4E14443}.Debug|Any CPU.Build.0 = Debug|Any CPU
		{75F9817E-C8A9-4D3E-B1CD-BA02E4E14443}.Release|Any CPU.ActiveCfg = Release|Any CPU
		{75F9817E-C8A9-4D3E-B1CD-BA02E4E14443}.Release|Any CPU.Build.0 = Release|Any CPU
		{41BC9446-FAD2-4819-AE8B-2BC5DB84D7C8}.Debug|Any CPU.ActiveCfg = Debug|Any CPU
		{41BC9446-FAD2-4819-AE8B-2BC5DB84D7C8}.Debug|Any CPU.Build.0 = Debug|Any CPU
		{41BC9446-FAD2-4819-AE8B-2BC5DB84D7C8}.Release|Any CPU.ActiveCfg = Release|Any CPU
		{41BC9446-FAD2-4819-AE8B-2BC5DB84D7C8}.Release|Any CPU.Build.0 = Release|Any CPU
		{B78A0BB0-E95A-4F38-B75C-A4645AFA49D7}.Debug|Any CPU.ActiveCfg = Debug|Any CPU
		{B78A0BB0-E95A-4F38-B75C-A4645AFA49D7}.Debug|Any CPU.Build.0 = Debug|Any CPU
		{B78A0BB0-E95A-4F38-B75C-A4645AFA49D7}.Release|Any CPU.ActiveCfg = Release|Any CPU
		{B78A0BB0-E95A-4F38-B75C-A4645AFA49D7}.Release|Any CPU.Build.0 = Release|Any CPU
		{F499A436-FA33-4B49-8900-2EDBCA6432D4}.Debug|Any CPU.ActiveCfg = Debug|Any CPU
		{F499A436-FA33-4B49-8900-2EDBCA6432D4}.Debug|Any CPU.Build.0 = Debug|Any CPU
		{F499A436-FA33-4B49-8900-2EDBCA6432D4}.Release|Any CPU.ActiveCfg = Release|Any CPU
		{F499A436-FA33-4B49-8900-2EDBCA6432D4}.Release|Any CPU.Build.0 = Release|Any CPU
		{32B98DAA-2061-41B9-97C8-1788F31A05B8}.Debug|Any CPU.ActiveCfg = Debug|Any CPU
		{32B98DAA-2061-41B9-97C8-1788F31A05B8}.Debug|Any CPU.Build.0 = Debug|Any CPU
		{32B98DAA-2061-41B9-97C8-1788F31A05B8}.Release|Any CPU.ActiveCfg = Release|Any CPU
		{32B98DAA-2061-41B9-97C8-1788F31A05B8}.Release|Any CPU.Build.0 = Release|Any CPU
		{4B177C9F-9AD1-43E5-B3C9-705425244DF9}.Debug|Any CPU.ActiveCfg = Debug|Any CPU
		{4B177C9F-9AD1-43E5-B3C9-705425244DF9}.Debug|Any CPU.Build.0 = Debug|Any CPU
		{4B177C9F-9AD1-43E5-B3C9-705425244DF9}.Release|Any CPU.ActiveCfg = Release|Any CPU
		{4B177C9F-9AD1-43E5-B3C9-705425244DF9}.Release|Any CPU.Build.0 = Release|Any CPU
		{9D169F84-1CB8-461E-B5F4-3C0291D90B3D}.Debug|Any CPU.ActiveCfg = Debug|Any CPU
		{9D169F84-1CB8-461E-B5F4-3C0291D90B3D}.Debug|Any CPU.Build.0 = Debug|Any CPU
		{9D169F84-1CB8-461E-B5F4-3C0291D90B3D}.Release|Any CPU.ActiveCfg = Release|Any CPU
		{9D169F84-1CB8-461E-B5F4-3C0291D90B3D}.Release|Any CPU.Build.0 = Release|Any CPU
		{1E5B64E5-E8A6-42F2-9079-FB71D6D237D6}.Debug|Any CPU.ActiveCfg = Debug|Any CPU
		{1E5B64E5-E8A6-42F2-9079-FB71D6D237D6}.Debug|Any CPU.Build.0 = Debug|Any CPU
		{1E5B64E5-E8A6-42F2-9079-FB71D6D237D6}.Release|Any CPU.ActiveCfg = Release|Any CPU
		{1E5B64E5-E8A6-42F2-9079-FB71D6D237D6}.Release|Any CPU.Build.0 = Release|Any CPU
		{4ECC3DFD-5BCB-4095-8D06-DE482DF4C6A1}.Debug|Any CPU.ActiveCfg = Debug|Any CPU
		{4ECC3DFD-5BCB-4095-8D06-DE482DF4C6A1}.Debug|Any CPU.Build.0 = Debug|Any CPU
		{4ECC3DFD-5BCB-4095-8D06-DE482DF4C6A1}.Release|Any CPU.ActiveCfg = Release|Any CPU
		{4ECC3DFD-5BCB-4095-8D06-DE482DF4C6A1}.Release|Any CPU.Build.0 = Release|Any CPU
		{B09F319A-7066-4B1B-B97D-F609B558C9F4}.Debug|Any CPU.ActiveCfg = Debug|Any CPU
		{B09F319A-7066-4B1B-B97D-F609B558C9F4}.Debug|Any CPU.Build.0 = Debug|Any CPU
		{B09F319A-7066-4B1B-B97D-F609B558C9F4}.Release|Any CPU.ActiveCfg = Release|Any CPU
		{B09F319A-7066-4B1B-B97D-F609B558C9F4}.Release|Any CPU.Build.0 = Release|Any CPU
		{E1C572B6-218E-4152-97D2-392B9CA60F39}.Debug|Any CPU.ActiveCfg = Debug|Any CPU
		{E1C572B6-218E-4152-97D2-392B9CA60F39}.Debug|Any CPU.Build.0 = Debug|Any CPU
		{E1C572B6-218E-4152-97D2-392B9CA60F39}.Release|Any CPU.ActiveCfg = Release|Any CPU
		{E1C572B6-218E-4152-97D2-392B9CA60F39}.Release|Any CPU.Build.0 = Release|Any CPU
		{AC87A4C6-E947-47C0-8461-9417CEE7FB1C}.Debug|Any CPU.ActiveCfg = Debug|Any CPU
		{AC87A4C6-E947-47C0-8461-9417CEE7FB1C}.Debug|Any CPU.Build.0 = Debug|Any CPU
		{AC87A4C6-E947-47C0-8461-9417CEE7FB1C}.Release|Any CPU.ActiveCfg = Release|Any CPU
		{AC87A4C6-E947-47C0-8461-9417CEE7FB1C}.Release|Any CPU.Build.0 = Release|Any CPU
	EndGlobalSection
	GlobalSection(SolutionProperties) = preSolution
		HideSolutionNode = FALSE
	EndGlobalSection
	GlobalSection(NestedProjects) = preSolution
		{4B177C9F-9AD1-43E5-B3C9-705425244DF9} = {35F7A5CF-8120-4F63-AC8C-776A08F6C617}
		{1E5B64E5-E8A6-42F2-9079-FB71D6D237D6} = {35F7A5CF-8120-4F63-AC8C-776A08F6C617}
	EndGlobalSection
	GlobalSection(ExtensibilityGlobals) = postSolution
		SolutionGuid = {AC5EE6B2-05D3-4D8C-94BF-E008B2D6952C}
	EndGlobalSection
EndGlobal
