
Microsoft Visual Studio Solution File, Format Version 12.00
# Visual Studio Version 16
VisualStudioVersion = 16.0.28803.352
MinimumVisualStudioVersion = 10.0.40219.1
Project("{FAE04EC0-301F-11D3-BF4B-00C04F79EFBC}") = "uSync8.Core", "uSync8.Core\uSync8.Core.csproj", "{79011408-C423-479F-9B0A-8DA465DE92EB}"
EndProject
Project("{FAE04EC0-301F-11D3-BF4B-00C04F79EFBC}") = "uSync8.BackOffice", "uSync8.BackOffice\uSync8.BackOffice.csproj", "{F2DFCB19-C9EE-471E-B8E2-E0B4DD31761D}"
EndProject
Project("{2150E333-8FDC-42A3-9474-1A3956D46DE8}") = "SolutionFiles", "SolutionFiles", "{6E911B34-61DC-471A-9AD7-97A74E9B3BE5}"
	ProjectSection(SolutionItems) = preProject
		Dist\betaBuild.cmd = Dist\betaBuild.cmd
		Dist\createpackages.cmd = Dist\createpackages.cmd
		gulpfile.js = gulpfile.js
		.github\workflows\main.yml = .github\workflows\main.yml
		Dist\package.cmd = Dist\package.cmd
		Dist\package.ContentEdition.xml = Dist\package.ContentEdition.xml
		Dist\package.xml = Dist\package.xml
		readme-content.txt = readme-content.txt
		readme.txt = readme.txt
		Dist\single.cmd = Dist\single.cmd
	EndProjectSection
EndProject
Project("{FAE04EC0-301F-11D3-BF4B-00C04F79EFBC}") = "uSync8.ContentEdition", "uSync8.ContentEdition\uSync8.ContentEdition.csproj", "{875ECD47-2DCE-475A-BDDD-3B578A832419}"
EndProject
Project("{FAE04EC0-301F-11D3-BF4B-00C04F79EFBC}") = "uSync8.Site", "uSync8.Site\uSync8.Site.csproj", "{4DC0EA5C-B104-479C-9D84-DA64A039F98B}"
EndProject
Project("{FAE04EC0-301F-11D3-BF4B-00C04F79EFBC}") = "uSync8.Community.DataTypeSerializers", "uSync8.Community.DataTypeSerializers\uSync8.Community.DataTypeSerializers.csproj", "{A0B9C603-A7DC-4593-8059-19BA035E5CC3}"
EndProject
Project("{FAE04EC0-301F-11D3-BF4B-00C04F79EFBC}") = "uSync8.Community.Contrib", "uSync8.Community.Contrib\uSync8.Community.Contrib.csproj", "{0813D306-4E5A-4E9D-B8D0-3F257CAE8FA2}"
EndProject
Project("{FAE04EC0-301F-11D3-BF4B-00C04F79EFBC}") = "uSync8.EventTriggers", "uSync8.EventTriggers\uSync8.EventTriggers.csproj", "{B3AFC1F9-9398-4D8E-BE98-1C78BAB20EC9}"
EndProject
Project("{FAE04EC0-301F-11D3-BF4B-00C04F79EFBC}") = "uSync.TemplateTracker", "uSync.TemplateTracker\uSync.TemplateTracker.csproj", "{6D7486DC-0B84-4914-9C01-297467A6B706}"
EndProject
Project("{FAE04EC0-301F-11D3-BF4B-00C04F79EFBC}") = "uSync.Console", "uSync.Console\uSync.Console.csproj", "{7CA1A210-6CB6-4568-9237-62C678877934}"
EndProject
Project("{2150E333-8FDC-42A3-9474-1A3956D46DE8}") = "Console", "Console", "{F098B1F3-A907-4275-A831-CDBEFA6DD352}"
EndProject
Project("{FAE04EC0-301F-11D3-BF4B-00C04F79EFBC}") = "uSync.Commands", "uSync.Commands\uSync.Commands.csproj", "{6D3B59C1-7A78-43BB-A806-F826FD4477F6}"
EndProject
Global
	GlobalSection(SolutionConfigurationPlatforms) = preSolution
		Debug|Any CPU = Debug|Any CPU
		PackageOnlyBuild|Any CPU = PackageOnlyBuild|Any CPU
		Release|Any CPU = Release|Any CPU
	EndGlobalSection
	GlobalSection(ProjectConfigurationPlatforms) = postSolution
		{79011408-C423-479F-9B0A-8DA465DE92EB}.Debug|Any CPU.ActiveCfg = Debug|Any CPU
		{79011408-C423-479F-9B0A-8DA465DE92EB}.Debug|Any CPU.Build.0 = Debug|Any CPU
		{79011408-C423-479F-9B0A-8DA465DE92EB}.PackageOnlyBuild|Any CPU.ActiveCfg = PackageOnlyBuild|Any CPU
		{79011408-C423-479F-9B0A-8DA465DE92EB}.PackageOnlyBuild|Any CPU.Build.0 = PackageOnlyBuild|Any CPU
		{79011408-C423-479F-9B0A-8DA465DE92EB}.Release|Any CPU.ActiveCfg = Release|Any CPU
		{79011408-C423-479F-9B0A-8DA465DE92EB}.Release|Any CPU.Build.0 = Release|Any CPU
		{F2DFCB19-C9EE-471E-B8E2-E0B4DD31761D}.Debug|Any CPU.ActiveCfg = Debug|Any CPU
		{F2DFCB19-C9EE-471E-B8E2-E0B4DD31761D}.Debug|Any CPU.Build.0 = Debug|Any CPU
		{F2DFCB19-C9EE-471E-B8E2-E0B4DD31761D}.PackageOnlyBuild|Any CPU.ActiveCfg = PackageOnlyBuild|Any CPU
		{F2DFCB19-C9EE-471E-B8E2-E0B4DD31761D}.PackageOnlyBuild|Any CPU.Build.0 = PackageOnlyBuild|Any CPU
		{F2DFCB19-C9EE-471E-B8E2-E0B4DD31761D}.Release|Any CPU.ActiveCfg = Release|Any CPU
		{F2DFCB19-C9EE-471E-B8E2-E0B4DD31761D}.Release|Any CPU.Build.0 = Release|Any CPU
		{875ECD47-2DCE-475A-BDDD-3B578A832419}.Debug|Any CPU.ActiveCfg = Debug|Any CPU
		{875ECD47-2DCE-475A-BDDD-3B578A832419}.Debug|Any CPU.Build.0 = Debug|Any CPU
		{875ECD47-2DCE-475A-BDDD-3B578A832419}.PackageOnlyBuild|Any CPU.ActiveCfg = PackageOnlyBuild|Any CPU
		{875ECD47-2DCE-475A-BDDD-3B578A832419}.PackageOnlyBuild|Any CPU.Build.0 = PackageOnlyBuild|Any CPU
		{875ECD47-2DCE-475A-BDDD-3B578A832419}.Release|Any CPU.ActiveCfg = Release|Any CPU
		{875ECD47-2DCE-475A-BDDD-3B578A832419}.Release|Any CPU.Build.0 = Release|Any CPU
		{4DC0EA5C-B104-479C-9D84-DA64A039F98B}.Debug|Any CPU.ActiveCfg = Debug|Any CPU
		{4DC0EA5C-B104-479C-9D84-DA64A039F98B}.Debug|Any CPU.Build.0 = Debug|Any CPU
		{4DC0EA5C-B104-479C-9D84-DA64A039F98B}.PackageOnlyBuild|Any CPU.ActiveCfg = PackageOnlyBuild|Any CPU
		{4DC0EA5C-B104-479C-9D84-DA64A039F98B}.Release|Any CPU.ActiveCfg = Release|Any CPU
		{4DC0EA5C-B104-479C-9D84-DA64A039F98B}.Release|Any CPU.Build.0 = Release|Any CPU
		{A0B9C603-A7DC-4593-8059-19BA035E5CC3}.Debug|Any CPU.ActiveCfg = Debug|Any CPU
		{A0B9C603-A7DC-4593-8059-19BA035E5CC3}.Debug|Any CPU.Build.0 = Debug|Any CPU
		{A0B9C603-A7DC-4593-8059-19BA035E5CC3}.PackageOnlyBuild|Any CPU.ActiveCfg = PackageOnlyBuild|Any CPU
		{A0B9C603-A7DC-4593-8059-19BA035E5CC3}.PackageOnlyBuild|Any CPU.Build.0 = PackageOnlyBuild|Any CPU
		{A0B9C603-A7DC-4593-8059-19BA035E5CC3}.Release|Any CPU.ActiveCfg = Release|Any CPU
		{A0B9C603-A7DC-4593-8059-19BA035E5CC3}.Release|Any CPU.Build.0 = Release|Any CPU
		{0813D306-4E5A-4E9D-B8D0-3F257CAE8FA2}.Debug|Any CPU.ActiveCfg = Debug|Any CPU
		{0813D306-4E5A-4E9D-B8D0-3F257CAE8FA2}.Debug|Any CPU.Build.0 = Debug|Any CPU
		{0813D306-4E5A-4E9D-B8D0-3F257CAE8FA2}.PackageOnlyBuild|Any CPU.ActiveCfg = PackageOnlyBuild|Any CPU
		{0813D306-4E5A-4E9D-B8D0-3F257CAE8FA2}.PackageOnlyBuild|Any CPU.Build.0 = PackageOnlyBuild|Any CPU
		{0813D306-4E5A-4E9D-B8D0-3F257CAE8FA2}.Release|Any CPU.ActiveCfg = Release|Any CPU
		{0813D306-4E5A-4E9D-B8D0-3F257CAE8FA2}.Release|Any CPU.Build.0 = Release|Any CPU
		{B3AFC1F9-9398-4D8E-BE98-1C78BAB20EC9}.Debug|Any CPU.ActiveCfg = Debug|Any CPU
		{B3AFC1F9-9398-4D8E-BE98-1C78BAB20EC9}.Debug|Any CPU.Build.0 = Debug|Any CPU
		{B3AFC1F9-9398-4D8E-BE98-1C78BAB20EC9}.PackageOnlyBuild|Any CPU.ActiveCfg = Release|Any CPU
		{B3AFC1F9-9398-4D8E-BE98-1C78BAB20EC9}.Release|Any CPU.ActiveCfg = Release|Any CPU
		{B3AFC1F9-9398-4D8E-BE98-1C78BAB20EC9}.Release|Any CPU.Build.0 = Release|Any CPU
		{6D7486DC-0B84-4914-9C01-297467A6B706}.Debug|Any CPU.ActiveCfg = Debug|Any CPU
		{6D7486DC-0B84-4914-9C01-297467A6B706}.Debug|Any CPU.Build.0 = Debug|Any CPU
		{6D7486DC-0B84-4914-9C01-297467A6B706}.PackageOnlyBuild|Any CPU.ActiveCfg = Release|Any CPU
		{6D7486DC-0B84-4914-9C01-297467A6B706}.Release|Any CPU.ActiveCfg = Release|Any CPU
		{6D7486DC-0B84-4914-9C01-297467A6B706}.Release|Any CPU.Build.0 = Release|Any CPU
		{7CA1A210-6CB6-4568-9237-62C678877934}.Debug|Any CPU.ActiveCfg = Debug|Any CPU
		{7CA1A210-6CB6-4568-9237-62C678877934}.Debug|Any CPU.Build.0 = Debug|Any CPU
		{7CA1A210-6CB6-4568-9237-62C678877934}.PackageOnlyBuild|Any CPU.ActiveCfg = PackageOnlyBuild|Any CPU
		{7CA1A210-6CB6-4568-9237-62C678877934}.PackageOnlyBuild|Any CPU.Build.0 = PackageOnlyBuild|Any CPU
		{7CA1A210-6CB6-4568-9237-62C678877934}.Release|Any CPU.ActiveCfg = Release|Any CPU
		{7CA1A210-6CB6-4568-9237-62C678877934}.Release|Any CPU.Build.0 = Release|Any CPU
		{6D3B59C1-7A78-43BB-A806-F826FD4477F6}.Debug|Any CPU.ActiveCfg = Debug|Any CPU
		{6D3B59C1-7A78-43BB-A806-F826FD4477F6}.Debug|Any CPU.Build.0 = Debug|Any CPU
		{6D3B59C1-7A78-43BB-A806-F826FD4477F6}.PackageOnlyBuild|Any CPU.ActiveCfg = PackageOnlyBuild|Any CPU
		{6D3B59C1-7A78-43BB-A806-F826FD4477F6}.PackageOnlyBuild|Any CPU.Build.0 = PackageOnlyBuild|Any CPU
		{6D3B59C1-7A78-43BB-A806-F826FD4477F6}.Release|Any CPU.ActiveCfg = Release|Any CPU
		{6D3B59C1-7A78-43BB-A806-F826FD4477F6}.Release|Any CPU.Build.0 = Release|Any CPU
	EndGlobalSection
	GlobalSection(SolutionProperties) = preSolution
		HideSolutionNode = FALSE
	EndGlobalSection
	GlobalSection(NestedProjects) = preSolution
		{7CA1A210-6CB6-4568-9237-62C678877934} = {F098B1F3-A907-4275-A831-CDBEFA6DD352}
		{6D3B59C1-7A78-43BB-A806-F826FD4477F6} = {F098B1F3-A907-4275-A831-CDBEFA6DD352}
	EndGlobalSection
	GlobalSection(ExtensibilityGlobals) = postSolution
		SolutionGuid = {6168BC64-BBC4-4FEC-B81D-29A386660009}
	EndGlobalSection
EndGlobal
