{
  "version": 1,
  "dependencies": {
    "net9.0": {
      "Umbraco.Cms.Infrastructure": {
        "type": "Direct",
        "requested": "[16.0.0-rc, )",
        "resolved": "16.0.0-rc",
        "contentHash": "06pfmuAIdTdIt/fn0n9RpheCko6VyKEwjWcfRHWBcm0CiJW36eW/2j22pOA9B80Z3C8l5qveohm4jldVqgUwFw==",
        "dependencies": {
          "Examine.Core": "3.7.1",
          "HtmlAgilityPack": "1.12.1",
          "MailKit": "4.11.0",
          "Markdown": "2.2.1",
          "Microsoft.CodeAnalysis.CSharp": "4.10.0",
          "Microsoft.Extensions.Configuration.Abstractions": "9.0.4",
          "Microsoft.Extensions.Configuration.Json": "9.0.4",
          "Microsoft.Extensions.DependencyInjection": "9.0.4",
          "Microsoft.Extensions.Http": "9.0.4",
          "Microsoft.Extensions.Identity.Stores": "9.0.4",
          "MiniProfiler.Shared": "4.5.4",
          "NPoco": "5.7.1",
          "OpenIddict.Abstractions": "6.2.1",
          "Serilog": "4.2.0",
          "Serilog.Enrichers.Process": "3.0.0",
          "Serilog.Enrichers.Thread": "4.0.0",
          "Serilog.Expressions": "5.0.0",
          "Serilog.Extensions.Hosting": "9.0.0",
          "Serilog.Formatting.Compact": "3.0.0",
          "Serilog.Formatting.Compact.Reader": "4.0.0",
          "Serilog.Settings.Configuration": "9.0.0",
          "Serilog.Sinks.Async": "2.1.0",
          "Serilog.Sinks.File": "6.0.0",
          "Serilog.Sinks.Map": "2.0.0",
          "System.Text.RegularExpressions": "4.3.1",
          "Umbraco.Cms.Core": "[16.0.0-rc, 17.0.0)",
          "ncrontab": "3.3.3"
        }
      },
      "BouncyCastle.Cryptography": {
        "type": "Transitive",
        "resolved": "2.5.1",
        "contentHash": "zy8TMeTP+1FH2NrLaNZtdRbBdq7u5MI+NFZQOBSM69u5RFkciinwzV2eveY6Kjf5MzgsYvvl6kTStsj3JrXqkg=="
      },
      "Examine.Core": {
        "type": "Transitive",
        "resolved": "3.7.1",
        "contentHash": "Vsm5DWtCTZ5cSyYN4Ryy6wWTFM1Q3Nz/1eeWHf5vNWIall0XQySApNbIofDfDNqDPauanHCoulj7y00vkhNBiw==",
        "dependencies": {
          "Microsoft.Extensions.Logging.Abstractions": "8.0.1",
          "Microsoft.Extensions.Options": "8.0.2"
        }
      },
      "HtmlAgilityPack": {
        "type": "Transitive",
        "resolved": "1.12.1",
        "contentHash": "SP6/2Y26CXtxjXn0Wwsom9Ek35SNWKHEu/IWhNEFejBSSVWWXPRSlpqpBSYWv1SQhYFnwMO01xVbEdK3iRR4hg=="
      },
      "MailKit": {
        "type": "Transitive",
        "resolved": "4.11.0",
        "contentHash": "JVoRxJ+QRqFMRtEM4veStj3pMLBPRulQGV+iZm6Tq1pnr66Dy6dFYOW9Uw02nxAVzdZAN8G+y3BsUPtgZcKXhA==",
        "dependencies": {
          "MimeKit": "4.11.0",
          "System.Formats.Asn1": "8.0.1"
        }
      },
      "Markdown": {
        "type": "Transitive",
        "resolved": "2.2.1",
        "contentHash": "A6veXuFP1n50RbmFNtTgfHxnHmwMsgFLSCgS1xWbg5L8n5N6HFEksTlXocZ0LsmGW4leBzeLJd+BY7+g83zFJA==",
        "dependencies": {
          "System.Collections": "4.0.11",
          "System.Runtime.Extensions": "4.1.0",
          "System.Text.RegularExpressions": "4.1.0"
        }
      },
      "Microsoft.AspNetCore.Cryptography.Internal": {
        "type": "Transitive",
        "resolved": "9.0.4",
        "contentHash": "E4pHyEb2Ul5a6bIwraGtw9TN39a/C2asyVPEJoyItc0reV4Y26FsPcEdcXyKjBbP4kSz9iU1Cz4Yhx/aOFPpqA=="
      },
      "Microsoft.AspNetCore.Cryptography.KeyDerivation": {
        "type": "Transitive",
        "resolved": "9.0.4",
        "contentHash": "5v9Kj2arRrCftLKW80Hfj31HkNnjcKyw57lQhF84drvGxJlCR63J0zMM1sMM+Hc+KCQjuoDmHtjwN0uOT+X3ag==",
        "dependencies": {
          "Microsoft.AspNetCore.Cryptography.Internal": "9.0.4"
        }
      },
      "Microsoft.CodeAnalysis.Analyzers": {
        "type": "Transitive",
        "resolved": "3.3.4",
        "contentHash": "AxkxcPR+rheX0SmvpLVIGLhOUXAKG56a64kV9VQZ4y9gR9ZmPXnqZvHJnmwLSwzrEP6junUF11vuc+aqo5r68g=="
      },
      "Microsoft.CodeAnalysis.Common": {
        "type": "Transitive",
        "resolved": "4.10.0",
        "contentHash": "7O4+dn0fNKykPpEB1i8/5EKzwD3fuu/shdbbnnsBmdiHMaBz6telOubDFwPwLQQ/PvOAWTFIWWTyAOmWvXRD2g==",
        "dependencies": {
          "Microsoft.CodeAnalysis.Analyzers": "3.3.4",
          "System.Collections.Immutable": "8.0.0",
          "System.Reflection.Metadata": "8.0.0"
        }
      },
      "Microsoft.CodeAnalysis.CSharp": {
        "type": "Transitive",
        "resolved": "4.10.0",
        "contentHash": "iifqKy3KvCgPABHFbFlSxjEoE+OItZGuZ191NM/TWV750m1jMypr7BtrP65ET+OK2KNVupO8S8xCtxbNqw056A==",
        "dependencies": {
          "Microsoft.CodeAnalysis.Analyzers": "3.3.4",
          "Microsoft.CodeAnalysis.Common": "[4.10.0]",
          "System.Collections.Immutable": "8.0.0",
          "System.Reflection.Metadata": "8.0.0"
        }
      },
      "Microsoft.Extensions.Caching.Abstractions": {
        "type": "Transitive",
        "resolved": "9.0.4",
        "contentHash": "imcZ5BGhBw5mNsWLepBbqqumWaFe0GtvyCvne2/2wsDIBRa2+Lhx4cU/pKt/4BwOizzUEOls2k1eOJQXHGMalg==",
        "dependencies": {
          "Microsoft.Extensions.Primitives": "9.0.4"
        }
      },
      "Microsoft.Extensions.Caching.Memory": {
        "type": "Transitive",
        "resolved": "9.0.4",
        "contentHash": "G5rEq1Qez5VJDTEyRsRUnewAspKjaY57VGsdZ8g8Ja6sXXzoiI3PpTd1t43HjHqNWD5A06MQveb2lscn+2CU+w==",
        "dependencies": {
          "Microsoft.Extensions.Caching.Abstractions": "9.0.4",
          "Microsoft.Extensions.DependencyInjection.Abstractions": "9.0.4",
          "Microsoft.Extensions.Logging.Abstractions": "9.0.4",
          "Microsoft.Extensions.Options": "9.0.4",
          "Microsoft.Extensions.Primitives": "9.0.4"
        }
      },
      "Microsoft.Extensions.Configuration": {
        "type": "Transitive",
        "resolved": "9.0.4",
        "contentHash": "KIVBrMbItnCJDd1RF4KEaE8jZwDJcDUJW5zXpbwQ05HNYTK1GveHxHK0B3SjgDJuR48GRACXAO+BLhL8h34S7g==",
        "dependencies": {
          "Microsoft.Extensions.Configuration.Abstractions": "9.0.4",
          "Microsoft.Extensions.Primitives": "9.0.4"
        }
      },
      "Microsoft.Extensions.Configuration.Abstractions": {
        "type": "Transitive",
        "resolved": "9.0.4",
        "contentHash": "0LN/DiIKvBrkqp7gkF3qhGIeZk6/B63PthAHjQsxymJfIBcz0kbf4/p/t4lMgggVxZ+flRi5xvTwlpPOoZk8fg==",
        "dependencies": {
          "Microsoft.Extensions.Primitives": "9.0.4"
        }
      },
      "Microsoft.Extensions.Configuration.Binder": {
        "type": "Transitive",
        "resolved": "9.0.4",
        "contentHash": "cdrjcl9RIcwt3ECbnpP0Gt1+pkjdW90mq5yFYy8D9qRj2NqFFcv3yDp141iEamsd9E218sGxK8WHaIOcrqgDJg==",
        "dependencies": {
          "Microsoft.Extensions.Configuration.Abstractions": "9.0.4"
        }
      },
      "Microsoft.Extensions.Configuration.FileExtensions": {
        "type": "Transitive",
        "resolved": "9.0.4",
        "contentHash": "UY864WQ3AS2Fkc8fYLombWnjrXwYt+BEHHps0hY4sxlgqaVW06AxbpgRZjfYf8PyRbplJqruzZDB/nSLT+7RLQ==",
        "dependencies": {
          "Microsoft.Extensions.Configuration": "9.0.4",
          "Microsoft.Extensions.Configuration.Abstractions": "9.0.4",
          "Microsoft.Extensions.FileProviders.Abstractions": "9.0.4",
          "Microsoft.Extensions.FileProviders.Physical": "9.0.4",
          "Microsoft.Extensions.Primitives": "9.0.4"
        }
      },
      "Microsoft.Extensions.Configuration.Json": {
        "type": "Transitive",
        "resolved": "9.0.4",
        "contentHash": "vVXI70CgT/dmXV3MM+n/BR2rLXEoAyoK0hQT+8MrbCMuJBiLRxnTtSrksNiASWCwOtxo/Tyy7CO8AGthbsYxnw==",
        "dependencies": {
          "Microsoft.Extensions.Configuration": "9.0.4",
          "Microsoft.Extensions.Configuration.Abstractions": "9.0.4",
          "Microsoft.Extensions.Configuration.FileExtensions": "9.0.4",
          "Microsoft.Extensions.FileProviders.Abstractions": "9.0.4"
        }
      },
      "Microsoft.Extensions.DependencyInjection": {
        "type": "Transitive",
        "resolved": "9.0.4",
        "contentHash": "f2MTUaS2EQ3lX4325ytPAISZqgBfXmY0WvgD80ji6Z20AoDNiCESxsqo6mFRwHJD/jfVKRw9FsW6+86gNre3ug==",
        "dependencies": {
          "Microsoft.Extensions.DependencyInjection.Abstractions": "9.0.4"
        }
      },
      "Microsoft.Extensions.DependencyInjection.Abstractions": {
        "type": "Transitive",
        "resolved": "9.0.4",
        "contentHash": "UI0TQPVkS78bFdjkTodmkH0Fe8lXv9LnhGFKgKrsgUJ5a5FVdFRcgjIkBVLbGgdRhxWirxH/8IXUtEyYJx6GQg=="
      },
      "Microsoft.Extensions.DependencyModel": {
        "type": "Transitive",
        "resolved": "9.0.0",
        "contentHash": "saxr2XzwgDU77LaQfYFXmddEDRUKHF4DaGMZkNB3qjdVSZlax3//dGJagJkKrGMIPNZs2jVFXITyCCR6UHJNdA=="
      },
      "Microsoft.Extensions.Diagnostics": {
        "type": "Transitive",
        "resolved": "9.0.4",
        "contentHash": "1bCSQrGv9+bpF5MGKF6THbnRFUZqQDrWPA39NDeVW9djeHBmow8kX4SX6/8KkeKI8gmUDG7jsG/bVuNAcY/ATQ==",
        "dependencies": {
          "Microsoft.Extensions.Configuration": "9.0.4",
          "Microsoft.Extensions.Diagnostics.Abstractions": "9.0.4",
          "Microsoft.Extensions.Options.ConfigurationExtensions": "9.0.4"
        }
      },
      "Microsoft.Extensions.Diagnostics.Abstractions": {
        "type": "Transitive",
        "resolved": "9.0.4",
        "contentHash": "IAucBcHYtiCmMyFag+Vrp5m+cjGRlDttJk9Vx7Dqpq+Ama4BzVUOk0JARQakgFFr7ZTBSgLKlHmtY5MiItB7Cg==",
        "dependencies": {
          "Microsoft.Extensions.DependencyInjection.Abstractions": "9.0.4",
          "Microsoft.Extensions.Options": "9.0.4"
        }
      },
      "Microsoft.Extensions.FileProviders.Abstractions": {
        "type": "Transitive",
        "resolved": "9.0.4",
        "contentHash": "gQN2o/KnBfVk6Bd71E2YsvO5lsqrqHmaepDGk+FB/C4aiQY9B0XKKNKfl5/TqcNOs9OEithm4opiMHAErMFyEw==",
        "dependencies": {
          "Microsoft.Extensions.Primitives": "9.0.4"
        }
      },
      "Microsoft.Extensions.FileProviders.Embedded": {
        "type": "Transitive",
        "resolved": "9.0.4",
        "contentHash": "fictUnSF95D+M9iH4X6TYBjud2gbB2r6bcIi0sQknXFc2bHbNucoaK+SzfLCzb47tHSR9a5pm0F1Ioj0PgmFeQ==",
        "dependencies": {
          "Microsoft.Extensions.FileProviders.Abstractions": "9.0.4"
        }
      },
      "Microsoft.Extensions.FileProviders.Physical": {
        "type": "Transitive",
        "resolved": "9.0.4",
        "contentHash": "qkQ9V7KFZdTWNThT7ke7E/Jad38s46atSs3QUYZB8f3thBTrcrousdY4Y/tyCtcH5YjsPSiByjuN+L8W/ThMQg==",
        "dependencies": {
          "Microsoft.Extensions.FileProviders.Abstractions": "9.0.4",
          "Microsoft.Extensions.FileSystemGlobbing": "9.0.4",
          "Microsoft.Extensions.Primitives": "9.0.4"
        }
      },
      "Microsoft.Extensions.FileSystemGlobbing": {
        "type": "Transitive",
        "resolved": "9.0.4",
        "contentHash": "05Lh2ItSk4mzTdDWATW9nEcSybwprN8Tz42Fs5B+jwdXUpauktdAQUI1Am4sUQi2C63E5hvQp8gXvfwfg9mQGQ=="
      },
      "Microsoft.Extensions.Hosting.Abstractions": {
        "type": "Transitive",
        "resolved": "9.0.4",
        "contentHash": "bXkwRPMo4x19YKH6/V9XotU7KYQJlihXhcWO1RDclAY3yfY3XNg4QtSEBvng4kK/DnboE0O/nwSl+6Jiv9P+FA==",
        "dependencies": {
          "Microsoft.Extensions.Configuration.Abstractions": "9.0.4",
          "Microsoft.Extensions.DependencyInjection.Abstractions": "9.0.4",
          "Microsoft.Extensions.Diagnostics.Abstractions": "9.0.4",
          "Microsoft.Extensions.FileProviders.Abstractions": "9.0.4",
          "Microsoft.Extensions.Logging.Abstractions": "9.0.4"
        }
      },
      "Microsoft.Extensions.Http": {
        "type": "Transitive",
        "resolved": "9.0.4",
        "contentHash": "ezelU6HJgmq4862YoWuEbHGSV+JnfnonTSbNSJVh6n6wDehyiJn4hBtcK7rGbf2KO3QeSvK5y8E7uzn1oaRH5w==",
        "dependencies": {
          "Microsoft.Extensions.Configuration.Abstractions": "9.0.4",
          "Microsoft.Extensions.DependencyInjection.Abstractions": "9.0.4",
          "Microsoft.Extensions.Diagnostics": "9.0.4",
          "Microsoft.Extensions.Logging": "9.0.4",
          "Microsoft.Extensions.Logging.Abstractions": "9.0.4",
          "Microsoft.Extensions.Options": "9.0.4"
        }
      },
      "Microsoft.Extensions.Identity.Core": {
        "type": "Transitive",
        "resolved": "9.0.4",
        "contentHash": "KKfCsoIHFGZmmCEjZBPuvDW0pCjboMru/Z3vbEyC/OIwUVeKrdPugFyjc81i7rNSjcPcDxVvGl/Ks8HLelKocg==",
        "dependencies": {
          "Microsoft.AspNetCore.Cryptography.KeyDerivation": "9.0.4",
          "Microsoft.Extensions.Logging": "9.0.4",
          "Microsoft.Extensions.Options": "9.0.4"
        }
      },
      "Microsoft.Extensions.Identity.Stores": {
        "type": "Transitive",
        "resolved": "9.0.4",
        "contentHash": "0F6lSngwyXzrv+qtX46nhHYBOlPxEzj0qyCCef1kvlyEYhbj8kBL13FuDk4nEPkzk1yVjZgsnXBG19+TrNdakQ==",
        "dependencies": {
          "Microsoft.Extensions.Caching.Abstractions": "9.0.4",
          "Microsoft.Extensions.Identity.Core": "9.0.4",
          "Microsoft.Extensions.Logging": "9.0.4"
        }
      },
      "Microsoft.Extensions.Logging": {
        "type": "Transitive",
        "resolved": "9.0.4",
        "contentHash": "xW6QPYsqhbuWBO9/1oA43g/XPKbohJx+7G8FLQgQXIriYvY7s+gxr2wjQJfRoPO900dvvv2vVH7wZovG+M1m6w==",
        "dependencies": {
          "Microsoft.Extensions.DependencyInjection": "9.0.4",
          "Microsoft.Extensions.Logging.Abstractions": "9.0.4",
          "Microsoft.Extensions.Options": "9.0.4"
        }
      },
      "Microsoft.Extensions.Logging.Abstractions": {
        "type": "Transitive",
        "resolved": "9.0.4",
        "contentHash": "0MXlimU4Dud6t+iNi5NEz3dO2w1HXdhoOLaYFuLPCjAsvlPQGwOT6V2KZRMLEhCAm/stSZt1AUv0XmDdkjvtbw==",
        "dependencies": {
          "Microsoft.Extensions.DependencyInjection.Abstractions": "9.0.4"
        }
      },
      "Microsoft.Extensions.Options": {
        "type": "Transitive",
        "resolved": "9.0.4",
        "contentHash": "fiFI2+58kicqVZyt/6obqoFwHiab7LC4FkQ3mmiBJ28Yy4fAvy2+v9MRnSvvlOO8chTOjKsdafFl/K9veCPo5g==",
        "dependencies": {
          "Microsoft.Extensions.DependencyInjection.Abstractions": "9.0.4",
          "Microsoft.Extensions.Primitives": "9.0.4"
        }
      },
      "Microsoft.Extensions.Options.ConfigurationExtensions": {
        "type": "Transitive",
        "resolved": "9.0.4",
        "contentHash": "aridVhAT3Ep+vsirR1pzjaOw0Jwiob6dc73VFQn2XmDfBA2X98M8YKO1GarvsXRX7gX1Aj+hj2ijMzrMHDOm0A==",
        "dependencies": {
          "Microsoft.Extensions.Configuration.Abstractions": "9.0.4",
          "Microsoft.Extensions.Configuration.Binder": "9.0.4",
          "Microsoft.Extensions.DependencyInjection.Abstractions": "9.0.4",
          "Microsoft.Extensions.Options": "9.0.4",
          "Microsoft.Extensions.Primitives": "9.0.4"
        }
      },
      "Microsoft.Extensions.Options.DataAnnotations": {
        "type": "Transitive",
        "resolved": "9.0.4",
        "contentHash": "jJq7xO1PLi//cts59Yp6dKNN07xV0Day/JmVR7aXCdo2rYHAoFlyARyxrfB0CTzsErA+TOhYTz2Ee0poR8SPeQ==",
        "dependencies": {
          "Microsoft.Extensions.DependencyInjection.Abstractions": "9.0.4",
          "Microsoft.Extensions.Options": "9.0.4"
        }
      },
      "Microsoft.Extensions.Primitives": {
        "type": "Transitive",
        "resolved": "9.0.4",
        "contentHash": "SPFyMjyku1nqTFFJ928JAMd0QnRe4xjE7KeKnZMWXf3xk+6e0WiOZAluYtLdbJUXtsl2cCRSi8cBquJ408k8RA=="
      },
      "Microsoft.IdentityModel.Abstractions": {
        "type": "Transitive",
        "resolved": "8.4.0",
        "contentHash": "4dDpw7DJ2yx2vFM/w0sceXoByUhrU68eMdlXyzsPTWPtAfgCbkuMl7jfLBLegmgerbOzGNMm7zq5xwr4+7yTSg=="
      },
      "Microsoft.IdentityModel.Logging": {
        "type": "Transitive",
        "resolved": "8.4.0",
        "contentHash": "vIKIBDMD6l2MeCwkdeh1XHSHNVz9C/qp9PaHMG6SF3OUSAh/2XMVj2zaVc2hs27QRfhh5xR3tvMSs8R96WS2IA==",
        "dependencies": {
          "Microsoft.IdentityModel.Abstractions": "8.4.0"
        }
      },
      "Microsoft.IdentityModel.Tokens": {
        "type": "Transitive",
        "resolved": "8.4.0",
        "contentHash": "n/wBvhj7oq3rZyImUhkUv6bUjwPWK+jG1R3BsCfahLtwoOzIWSPLmzMQ61HCtd1BiCU43IdkX9M+cD1xMmE3xQ==",
        "dependencies": {
          "Microsoft.Extensions.Logging.Abstractions": "9.0.0",
          "Microsoft.IdentityModel.Logging": "8.4.0"
        }
      },
      "Microsoft.NETCore.Platforms": {
        "type": "Transitive",
        "resolved": "1.1.1",
        "contentHash": "TMBuzAHpTenGbGgk0SMTwyEkyijY/Eae4ZGsFNYJvAr/LDn1ku3Etp3FPxChmDp5HHF3kzJuoaa08N0xjqAJfQ=="
      },
      "Microsoft.NETCore.Targets": {
        "type": "Transitive",
        "resolved": "1.1.3",
        "contentHash": "3Wrmi0kJDzClwAC+iBdUBpEKmEle8FQNsCs77fkiOIw/9oYA07bL1EZNX0kQ2OMN3xpwvl0vAtOCYY3ndDNlhQ=="
      },
      "MimeKit": {
        "type": "Transitive",
        "resolved": "4.11.0",
        "contentHash": "6p0RC1qwBGBHxf7hvzuR1GngzigF+Q6HQUTbD2RbmDrnS2m1qO2rgqOhYtn8n8JH7WGZ+7RthS8lfMuMzeg8AA==",
        "dependencies": {
          "BouncyCastle.Cryptography": "2.5.1",
          "System.Security.Cryptography.Pkcs": "8.0.1"
        }
      },
      "MiniProfiler.Shared": {
        "type": "Transitive",
        "resolved": "4.5.4",
        "contentHash": "f8ckFm/xTS8C2Bn4BdVc94dNvg+tRfk0e4XFaETOqRi6r0PUOyn3Z9jTQCVpB3R1pP5WiRsEIrqqxux95BVpTA==",
        "dependencies": {
          "Microsoft.Extensions.DependencyInjection.Abstractions": "2.0.0"
        }
      },
      "NCrontab": {
        "type": "Transitive",
        "resolved": "3.3.3",
        "contentHash": "2yzZXZLI0YpxrNgWnW/4xoo7ErLgWJIwTljRVEJ3hyjc7Kw9eGdjbFZGP1AhBuTUEZQ443PgZifG1yox6Qo1/A=="
      },
      "Newtonsoft.Json": {
        "type": "Transitive",
        "resolved": "13.0.3",
        "contentHash": "HrC5BXdl00IP9zeV+0Z848QWPAoCr9P3bDEZguI+gkLcBKAOxix/tLEAAHC+UvDNPv4a2d18lOReHMOagPa+zQ=="
      },
      "NPoco": {
        "type": "Transitive",
        "resolved": "5.7.1",
        "contentHash": "6qjyBqqc0TSK/xHjXA6tSZhABSDQqXGrTOIdUIVazPsmN0OyTaBTEtwV2wTV0NyfkzcRPhLyO6bIW89ZFNvlWg==",
        "dependencies": {
          "System.Linq.Async": "5.0.0",
          "System.Reflection.Emit.Lightweight": "4.7.0"
        }
      },
      "OpenIddict.Abstractions": {
        "type": "Transitive",
        "resolved": "6.2.1",
        "contentHash": "YW6djPWEZkTEAujiF0jCDO+ZN09WxCXmCD5qyJS49OgW/Rp5qtFAx0vtCjpz1R/YYGd4GlEBpqM+P2EjhW/i7w==",
        "dependencies": {
          "Microsoft.Extensions.DependencyInjection.Abstractions": "9.0.2",
          "Microsoft.Extensions.Primitives": "9.0.2",
          "Microsoft.IdentityModel.Tokens": "8.4.0"
        }
      },
      "Serilog": {
        "type": "Transitive",
        "resolved": "4.2.0",
        "contentHash": "gmoWVOvKgbME8TYR+gwMf7osROiWAURterc6Rt2dQyX7wtjZYpqFiA/pY6ztjGQKKV62GGCyOcmtP1UKMHgSmA=="
      },
      "Serilog.Enrichers.Process": {
        "type": "Transitive",
        "resolved": "3.0.0",
        "contentHash": "/wPYz2PDCJGSHNI+Z0PAacZvrgZgrGduWqLXeC2wvW6pgGM/Bi45JrKy887MRcRPHIZVU0LAlkmJ7TkByC0boQ==",
        "dependencies": {
          "Serilog": "4.0.0"
        }
      },
      "Serilog.Enrichers.Thread": {
        "type": "Transitive",
        "resolved": "4.0.0",
        "contentHash": "C7BK25a1rhUyr+Tp+1BYcVlBJq7M2VCHlIgnwoIUVJcicM9jYcvQK18+OeHiXw7uLPSjqWxJIp1EfaZ/RGmEwA==",
        "dependencies": {
          "Serilog": "4.0.0"
        }
      },
      "Serilog.Expressions": {
        "type": "Transitive",
        "resolved": "5.0.0",
        "contentHash": "QhZjXtUcA2QfQRA60m+DfyIfidKsQV7HBstbYEDqzJKMbJH/KnKthkkjciRuYrmFE+scWv1JibC5LlXrdtOUmw==",
        "dependencies": {
          "Serilog": "4.0.0"
        }
      },
      "Serilog.Extensions.Hosting": {
        "type": "Transitive",
        "resolved": "9.0.0",
        "contentHash": "u2TRxuxbjvTAldQn7uaAwePkWxTHIqlgjelekBtilAGL5sYyF3+65NWctN4UrwwGLsDC7c3Vz3HnOlu+PcoxXg==",
        "dependencies": {
          "Microsoft.Extensions.DependencyInjection.Abstractions": "9.0.0",
          "Microsoft.Extensions.Hosting.Abstractions": "9.0.0",
          "Microsoft.Extensions.Logging.Abstractions": "9.0.0",
          "Serilog": "4.2.0",
          "Serilog.Extensions.Logging": "9.0.0"
        }
      },
      "Serilog.Extensions.Logging": {
        "type": "Transitive",
        "resolved": "9.0.0",
        "contentHash": "NwSSYqPJeKNzl5AuXVHpGbr6PkZJFlNa14CdIebVjK3k/76kYj/mz5kiTRNVSsSaxM8kAIa1kpy/qyT9E4npRQ==",
        "dependencies": {
          "Microsoft.Extensions.Logging": "9.0.0",
          "Serilog": "4.2.0"
        }
      },
      "Serilog.Formatting.Compact": {
        "type": "Transitive",
        "resolved": "3.0.0",
        "contentHash": "wQsv14w9cqlfB5FX2MZpNsTawckN4a8dryuNGbebB/3Nh1pXnROHZov3swtu3Nj5oNG7Ba+xdu7Et/ulAUPanQ==",
        "dependencies": {
          "Serilog": "4.0.0"
        }
      },
      "Serilog.Formatting.Compact.Reader": {
        "type": "Transitive",
        "resolved": "4.0.0",
        "contentHash": "E1gvPAx0AsQhlyzGwgcVnGe5QrdkSugwKh+6V/FUSdTMVKKPSiO6Ff5iosjBMNBvq244Zys7BhTfFmgCE0KUyQ==",
        "dependencies": {
          "Newtonsoft.Json": "13.0.3",
          "Serilog": "4.0.0"
        }
      },
      "Serilog.Settings.Configuration": {
        "type": "Transitive",
        "resolved": "9.0.0",
        "contentHash": "4/Et4Cqwa+F88l5SeFeNZ4c4Z6dEAIKbu3MaQb2Zz9F/g27T5a3wvfMcmCOaAiACjfUb4A6wrlTVfyYUZk3RRQ==",
        "dependencies": {
          "Microsoft.Extensions.Configuration.Binder": "9.0.0",
          "Microsoft.Extensions.DependencyModel": "9.0.0",
          "Serilog": "4.2.0"
        }
      },
      "Serilog.Sinks.Async": {
        "type": "Transitive",
        "resolved": "2.1.0",
        "contentHash": "SnmRknWsSMgyo9wDXeZZCqSp48kkQYy44taSM6vcpxfiRICzSf09oLKEmVr0RCwQnfd8mJQ2WNN6nvhqf0RowQ==",
        "dependencies": {
          "Serilog": "4.1.0"
        }
      },
      "Serilog.Sinks.File": {
        "type": "Transitive",
        "resolved": "6.0.0",
        "contentHash": "lxjg89Y8gJMmFxVkbZ+qDgjl+T4yC5F7WSLTvA+5q0R04tfKVLRL/EHpYoJ/MEQd2EeCKDuylBIVnAYMotmh2A==",
        "dependencies": {
          "Serilog": "4.0.0"
        }
      },
      "Serilog.Sinks.Map": {
        "type": "Transitive",
        "resolved": "2.0.0",
        "contentHash": "bpfOs8W9r5AwZ65/7IHGDI8eBdd8FgUbLd8aCmaMNN4ZSkcHfXGUnPL+PO/wpGJzw/XQNMLx8tro5H7xf2uL1A==",
        "dependencies": {
          "Serilog": "4.0.0"
        }
      },
      "System.Collections": {
        "type": "Transitive",
        "resolved": "4.0.11",
        "contentHash": "YUJGz6eFKqS0V//mLt25vFGrrCvOnsXjlvFQs+KimpwNxug9x0Pzy4PlFMU3Q2IzqAa9G2L4LsK3+9vCBK7oTg==",
        "dependencies": {
          "Microsoft.NETCore.Platforms": "1.0.1",
          "Microsoft.NETCore.Targets": "1.0.1",
          "System.Runtime": "4.1.0"
        }
      },
      "System.Collections.Immutable": {
        "type": "Transitive",
        "resolved": "8.0.0",
        "contentHash": "AurL6Y5BA1WotzlEvVaIDpqzpIPvYnnldxru8oXJU2yFxFUy3+pNXjXd1ymO+RA0rq0+590Q8gaz2l3Sr7fmqg=="
      },
      "System.Formats.Asn1": {
        "type": "Transitive",
        "resolved": "8.0.1",
        "contentHash": "XqKba7Mm/koKSjKMfW82olQdmfbI5yqeoLV/tidRp7fbh5rmHAQ5raDI/7SU0swTzv+jgqtUGkzmFxuUg0it1A=="
      },
      "System.Linq.Async": {
        "type": "Transitive",
        "resolved": "5.0.0",
        "contentHash": "cPtIuuH8TIjVHSi2ewwReWGW1PfChPE0LxPIDlfwVcLuTM9GANFTXiMB7k3aC4sk3f0cQU25LNKzx+jZMxijqw=="
      },
      "System.Reflection.Emit.Lightweight": {
        "type": "Transitive",
        "resolved": "4.7.0",
        "contentHash": "a4OLB4IITxAXJeV74MDx49Oq2+PsF6Sml54XAFv+2RyWwtDBcabzoxiiJRhdhx+gaohLh4hEGCLQyBozXoQPqA=="
      },
      "System.Reflection.Metadata": {
        "type": "Transitive",
        "resolved": "8.0.0",
        "contentHash": "ptvgrFh7PvWI8bcVqG5rsA/weWM09EnthFHR5SCnS6IN+P4mj6rE1lBDC4U8HL9/57htKAqy4KQ3bBj84cfYyQ==",
        "dependencies": {
          "System.Collections.Immutable": "8.0.0"
        }
      },
      "System.Runtime": {
        "type": "Transitive",
        "resolved": "4.3.1",
        "contentHash": "abhfv1dTK6NXOmu4bgHIONxHyEqFjW8HwXPmpY9gmll+ix9UNo4XDcmzJn6oLooftxNssVHdJC1pGT9jkSynQg==",
        "dependencies": {
          "Microsoft.NETCore.Platforms": "1.1.1",
          "Microsoft.NETCore.Targets": "1.1.3"
        }
      },
      "System.Runtime.Extensions": {
        "type": "Transitive",
        "resolved": "4.1.0",
        "contentHash": "CUOHjTT/vgP0qGW22U4/hDlOqXmcPq5YicBaXdUR2UiUoLwBT+olO6we4DVbq57jeX5uXH2uerVZhf0qGj+sVQ==",
        "dependencies": {
          "Microsoft.NETCore.Platforms": "1.0.1",
          "Microsoft.NETCore.Targets": "1.0.1",
          "System.Runtime": "4.1.0"
        }
      },
      "System.Security.Cryptography.Pkcs": {
        "type": "Transitive",
        "resolved": "8.0.1",
        "contentHash": "CoCRHFym33aUSf/NtWSVSZa99dkd0Hm7OCZUxORBjRB16LNhIEOf8THPqzIYlvKM0nNDAPTRBa1FxEECrgaxxA=="
      },
      "System.Text.RegularExpressions": {
        "type": "Transitive",
        "resolved": "4.3.1",
        "contentHash": "N0kNRrWe4+nXOWlpLT4LAY5brb8caNFlUuIRpraCVMDLYutKkol1aV079rQjLuSxKMJT2SpBQsYX9xbcTMmzwg==",
        "dependencies": {
          "System.Runtime": "4.3.1"
        }
      },
      "Umbraco.Cms.Core": {
        "type": "Transitive",
        "resolved": "16.0.0-rc",
        "contentHash": "SCxTWazFsU7h/xIXR3/XNJ1ywpefDY66Yony5HnazwXc/14l2C2IlzpCPRTOQovZ+LgQT/6pAboVh5jf7zZspQ==",
        "dependencies": {
          "Microsoft.Extensions.Caching.Abstractions": "9.0.4",
          "Microsoft.Extensions.Caching.Memory": "9.0.4",
          "Microsoft.Extensions.Configuration.Abstractions": "9.0.4",
          "Microsoft.Extensions.FileProviders.Embedded": "9.0.4",
          "Microsoft.Extensions.FileProviders.Physical": "9.0.4",
          "Microsoft.Extensions.Hosting.Abstractions": "9.0.4",
          "Microsoft.Extensions.Identity.Core": "9.0.4",
          "Microsoft.Extensions.Logging": "9.0.4",
          "Microsoft.Extensions.Options": "9.0.4",
          "Microsoft.Extensions.Options.ConfigurationExtensions": "9.0.4",
          "Microsoft.Extensions.Options.DataAnnotations": "9.0.4"
        }
      }
    }
  }
}