{
  "version": 1,
  "dependencies": {
    "net10.0": {
      "Umbraco.Cms.Core": {
        "type": "Direct",
        "requested": "[17.0.0-rc1, )",
        "resolved": "17.0.0-rc1",
        "contentHash": "dB5EYOvvdpulftTwlMYy8G/jLTlu4Khr/2/cjI8vILZttE8Kf6QhSrQlHMW+FbY1u6l7oIeA0EaGVchxc9SYPA==",
        "dependencies": {
          "Microsoft.Extensions.Caching.Abstractions": "10.0.0-rc.2.25502.107",
          "Microsoft.Extensions.Caching.Memory": "10.0.0-rc.2.25502.107",
          "Microsoft.Extensions.Configuration.Abstractions": "10.0.0-rc.2.25502.107",
          "Microsoft.Extensions.FileProviders.Embedded": "10.0.0-rc.2.25502.107",
          "Microsoft.Extensions.FileProviders.Physical": "10.0.0-rc.2.25502.107",
          "Microsoft.Extensions.Hosting.Abstractions": "10.0.0-rc.2.25502.107",
          "Microsoft.Extensions.Identity.Core": "10.0.0-rc.2.25502.107",
          "Microsoft.Extensions.Logging": "10.0.0-rc.2.25502.107",
          "Microsoft.Extensions.Options": "10.0.0-rc.2.25502.107",
          "Microsoft.Extensions.Options.ConfigurationExtensions": "10.0.0-rc.2.25502.107",
          "Microsoft.Extensions.Options.DataAnnotations": "10.0.0-rc.2.25502.107"
        }
      },
      "Microsoft.AspNetCore.Cryptography.Internal": {
        "type": "Transitive",
        "resolved": "10.0.0-rc.2.25502.107",
        "contentHash": "o747A7PiDsOtWJavNLb8+yRfbZacpHY30jg0Bqtu5q3LGKaf0WYS99JGCV0iGsNa2euOke/Zi3BHdAEd+t/qNw=="
      },
      "Microsoft.AspNetCore.Cryptography.KeyDerivation": {
        "type": "Transitive",
        "resolved": "10.0.0-rc.2.25502.107",
        "contentHash": "/FpmYA9Mx5PD+kQfA/1tWzzJth243eEATb+B/JG+PW4CcSxMjo1vhiRkxNBNiESKyoVqu+8cqK1kvbtBGk41wQ==",
        "dependencies": {
          "Microsoft.AspNetCore.Cryptography.Internal": "10.0.0-rc.2.25502.107"
        }
      },
      "Microsoft.Extensions.Caching.Abstractions": {
        "type": "Transitive",
        "resolved": "10.0.0-rc.2.25502.107",
        "contentHash": "L2Gbh0jdeDY+WdmszIuw9QdZ4LsQPv3B2YNEqE5k/G0ZiuZPVRivYmy2JR4EdiUgp6vf1pD8MjrV5oSwTPtCzQ==",
        "dependencies": {
          "Microsoft.Extensions.Primitives": "10.0.0-rc.2.25502.107"
        }
      },
      "Microsoft.Extensions.Caching.Memory": {
        "type": "Transitive",
        "resolved": "10.0.0-rc.2.25502.107",
        "contentHash": "Dx8v9xVaQOjF1CCVT+dYsXjna12k8RTbSL3X7Pef6IUZ1hAt/6CnhBhVYP9UvIY8iornbKhAmlZ8c8Tq2L5Fww==",
        "dependencies": {
          "Microsoft.Extensions.Caching.Abstractions": "10.0.0-rc.2.25502.107",
          "Microsoft.Extensions.DependencyInjection.Abstractions": "10.0.0-rc.2.25502.107",
          "Microsoft.Extensions.Logging.Abstractions": "10.0.0-rc.2.25502.107",
          "Microsoft.Extensions.Options": "10.0.0-rc.2.25502.107",
          "Microsoft.Extensions.Primitives": "10.0.0-rc.2.25502.107"
        }
      },
      "Microsoft.Extensions.Configuration": {
        "type": "Transitive",
        "resolved": "10.0.0-rc.2.25502.107",
        "contentHash": "273Ggibh3DdVrj47ENbUGIirOiqmLTAizpkvOD584Ps6NL/CMXPzesijnJgsjp7Fv/UCp69FKYBaSxZZ3q5R9g==",
        "dependencies": {
          "Microsoft.Extensions.Configuration.Abstractions": "10.0.0-rc.2.25502.107",
          "Microsoft.Extensions.Primitives": "10.0.0-rc.2.25502.107"
        }
      },
      "Microsoft.Extensions.Configuration.Abstractions": {
        "type": "Transitive",
        "resolved": "10.0.0-rc.2.25502.107",
        "contentHash": "H+i/Qy30Rg/K9BcW2Z6DCHPCzwMH3bCwNOjEz31shWTUDK8GeeeMnrKVusprTcRA2Y6yPST+hg2zc3whPEs14Q==",
        "dependencies": {
          "Microsoft.Extensions.Primitives": "10.0.0-rc.2.25502.107"
        }
      },
      "Microsoft.Extensions.Configuration.Binder": {
        "type": "Transitive",
        "resolved": "10.0.0-rc.2.25502.107",
        "contentHash": "aA6/V6lw1Gueyb1PqhHAl/i/qUUuv+Fusfk4oaMOzzOjspBkYtPpNHCmml/0t1x0/DnZoed+u2WwpP+mSwd8Dg==",
        "dependencies": {
          "Microsoft.Extensions.Configuration": "10.0.0-rc.2.25502.107",
          "Microsoft.Extensions.Configuration.Abstractions": "10.0.0-rc.2.25502.107"
        }
      },
      "Microsoft.Extensions.DependencyInjection": {
        "type": "Transitive",
        "resolved": "10.0.0-rc.2.25502.107",
        "contentHash": "mDw80K98jBWCyLFCra51PRv+Ttnjse1lZIzXEFybKby0/ajBFTEeHj/4r/QJexmb8Uun0yaFH1HlFtmHP1YEVA==",
        "dependencies": {
          "Microsoft.Extensions.DependencyInjection.Abstractions": "10.0.0-rc.2.25502.107"
        }
      },
      "Microsoft.Extensions.DependencyInjection.Abstractions": {
        "type": "Transitive",
        "resolved": "10.0.0-rc.2.25502.107",
        "contentHash": "8jujunpkNNfTkE9PFHp9/aD6GPKVfNCuz8tUbzOcyU5tQOCoIZId4hwQNVx3Tb8XEWw9BYdh0k5vPpqdCM+UtA=="
      },
      "Microsoft.Extensions.Diagnostics.Abstractions": {
        "type": "Transitive",
        "resolved": "10.0.0-rc.2.25502.107",
        "contentHash": "x6XVv3RiwOlN2unjyX/Zat0gI0HiRoDDdjkwBCwsMftYWpbJu4SiyRwDbrv2zAF8v8nbEEvcWi3/pUxZfaqLQw==",
        "dependencies": {
          "Microsoft.Extensions.DependencyInjection.Abstractions": "10.0.0-rc.2.25502.107",
          "Microsoft.Extensions.Options": "10.0.0-rc.2.25502.107"
        }
      },
      "Microsoft.Extensions.FileProviders.Abstractions": {
        "type": "Transitive",
        "resolved": "10.0.0-rc.2.25502.107",
        "contentHash": "dOpmW14MkOZIwV6269iXhoMp6alCHBoxqCR4pJ37GLjFaBIyzsIy+Ra8tsGmjHtFvEHKq0JRDIsb1PUkrK+yxw==",
        "dependencies": {
          "Microsoft.Extensions.Primitives": "10.0.0-rc.2.25502.107"
        }
      },
      "Microsoft.Extensions.FileProviders.Embedded": {
        "type": "Transitive",
        "resolved": "10.0.0-rc.2.25502.107",
        "contentHash": "MqxY/NcEW52ZG3Ebf2d9okBS2pXVu99FrNS+O8MWaAh0jMMjCMt3wPaVLcvHDrqAk36HHv87X4a+7/Pgs9UJgA==",
        "dependencies": {
          "Microsoft.Extensions.FileProviders.Abstractions": "10.0.0-rc.2.25502.107"
        }
      },
      "Microsoft.Extensions.FileProviders.Physical": {
        "type": "Transitive",
        "resolved": "10.0.0-rc.2.25502.107",
        "contentHash": "3+RiR6TEakDL0dCUqR7PjFffyrVMLdx/vAVBiN1mGmwScKYCTePIkYVkWsX85CTKh7R9J4M9C1MHzVdjbKcg3g==",
        "dependencies": {
          "Microsoft.Extensions.FileProviders.Abstractions": "10.0.0-rc.2.25502.107",
          "Microsoft.Extensions.FileSystemGlobbing": "10.0.0-rc.2.25502.107",
          "Microsoft.Extensions.Primitives": "10.0.0-rc.2.25502.107"
        }
      },
      "Microsoft.Extensions.FileSystemGlobbing": {
        "type": "Transitive",
        "resolved": "10.0.0-rc.2.25502.107",
        "contentHash": "XtcPOKB7sMFzj8SxaOglZV3eaqZ1GxUMVZTwaz4pRpBt0S45ghb836uUej4YaI8EzsnUJoqzOIKrTW4CDJMfVw=="
      },
      "Microsoft.Extensions.Hosting.Abstractions": {
        "type": "Transitive",
        "resolved": "10.0.0-rc.2.25502.107",
        "contentHash": "M6zqZFbqjdCx8g5Y2XZKTfYfS0gAh4uJkmdAq/ZRDrpIr3Nd+u74allmw15jX1kM61IXM49EnTbhMzlWw5pGVQ==",
        "dependencies": {
          "Microsoft.Extensions.Configuration.Abstractions": "10.0.0-rc.2.25502.107",
          "Microsoft.Extensions.DependencyInjection.Abstractions": "10.0.0-rc.2.25502.107",
          "Microsoft.Extensions.Diagnostics.Abstractions": "10.0.0-rc.2.25502.107",
          "Microsoft.Extensions.FileProviders.Abstractions": "10.0.0-rc.2.25502.107",
          "Microsoft.Extensions.Logging.Abstractions": "10.0.0-rc.2.25502.107"
        }
      },
      "Microsoft.Extensions.Identity.Core": {
        "type": "Transitive",
        "resolved": "10.0.0-rc.2.25502.107",
        "contentHash": "cPUGllvvRBqaHjjkRdIq3pXuOUvsm7ovbWIkuPatxihvNIpBVb2OGEKNx9oF1125Gv5PRLchCvG/7Bukt8T6Xw==",
        "dependencies": {
          "Microsoft.AspNetCore.Cryptography.KeyDerivation": "10.0.0-rc.2.25502.107",
          "Microsoft.Extensions.Logging": "10.0.0-rc.2.25502.107",
          "Microsoft.Extensions.Options": "10.0.0-rc.2.25502.107"
        }
      },
      "Microsoft.Extensions.Logging": {
        "type": "Transitive",
        "resolved": "10.0.0-rc.2.25502.107",
        "contentHash": "q2C5gq86qkTmcYSJJSnw8sgTUyuqENYSOjk/NOYjHnYlKSrK3oI9Rjv1bWFpx2I3Btq9ZBEJb9aMM+IUQ0PvZA==",
        "dependencies": {
          "Microsoft.Extensions.DependencyInjection": "10.0.0-rc.2.25502.107",
          "Microsoft.Extensions.Logging.Abstractions": "10.0.0-rc.2.25502.107",
          "Microsoft.Extensions.Options": "10.0.0-rc.2.25502.107"
        }
      },
      "Microsoft.Extensions.Logging.Abstractions": {
        "type": "Transitive",
        "resolved": "10.0.0-rc.2.25502.107",
        "contentHash": "SKKKZjyCpBaDQ7yuFjdk6ELnRBRWeZsbnzUfo59Wc4PGhgf92chE3we/QlT6nk6NqlWcUgH/jogM+B/uq/Qdnw==",
        "dependencies": {
          "Microsoft.Extensions.DependencyInjection.Abstractions": "10.0.0-rc.2.25502.107"
        }
      },
      "Microsoft.Extensions.Options": {
        "type": "Transitive",
        "resolved": "10.0.0-rc.2.25502.107",
        "contentHash": "Ib6BCCjisp7ZUdhtNpSulFO0ODhz/IE4ZZd8OCqQWoRs363BQ0QOZi9KwpqpiEWo51S0kIXWqNicDPGXwpt9pQ==",
        "dependencies": {
          "Microsoft.Extensions.DependencyInjection.Abstractions": "10.0.0-rc.2.25502.107",
          "Microsoft.Extensions.Primitives": "10.0.0-rc.2.25502.107"
        }
      },
      "Microsoft.Extensions.Options.ConfigurationExtensions": {
        "type": "Transitive",
        "resolved": "10.0.0-rc.2.25502.107",
        "contentHash": "MFbT8+JKX49YCXEFvlZDzQzI/R3QKzRZlb4dSud+569cMgA9hWbndjWWvOgGASoRcXynGRrBSq1Bw3PeCsB5/Q==",
        "dependencies": {
          "Microsoft.Extensions.Configuration.Abstractions": "10.0.0-rc.2.25502.107",
          "Microsoft.Extensions.Configuration.Binder": "10.0.0-rc.2.25502.107",
          "Microsoft.Extensions.DependencyInjection.Abstractions": "10.0.0-rc.2.25502.107",
          "Microsoft.Extensions.Options": "10.0.0-rc.2.25502.107",
          "Microsoft.Extensions.Primitives": "10.0.0-rc.2.25502.107"
        }
      },
      "Microsoft.Extensions.Options.DataAnnotations": {
        "type": "Transitive",
        "resolved": "10.0.0-rc.2.25502.107",
        "contentHash": "sYPzv/9o37JlwZhirLo5mHKQpdwyk0FVbyEmUU6czPe8tI5kf3xalVRTZStTPH0gwlg7aq1RNfbNOJxTRlf92w==",
        "dependencies": {
          "Microsoft.Extensions.DependencyInjection.Abstractions": "10.0.0-rc.2.25502.107",
          "Microsoft.Extensions.Options": "10.0.0-rc.2.25502.107"
        }
      },
      "Microsoft.Extensions.Primitives": {
        "type": "Transitive",
        "resolved": "10.0.0-rc.2.25502.107",
        "contentHash": "9pm2zqqn5u/OsKs2zgkhJEQQeMx9KkVOWPdHrs7Kt5sfpk+eIh/gmpi/mMH/ljS2T/PFsFdCEtm+GS/6l7zoZA=="
      }
    }
  }
}