
Microsoft Visual Studio Solution File, Format Version 12.00
# Visual Studio Version 17
VisualStudioVersion = 17.5.002.0
MinimumVisualStudioVersion = 10.0.40219.1
Project("{9A19103F-16F7-4668-BE54-9A1E7A4F7556}") = "uSync.Backoffice.Assets", "uSync.Backoffice.Assets.csproj", "{9C925E59-7157-405C-90B9-53BC0FD907CD}"
EndProject
Global
	GlobalSection(SolutionConfigurationPlatforms) = preSolution
		Debug|Any CPU = Debug|Any CPU
		Release|Any CPU = Release|Any CPU
	EndGlobalSection
	GlobalSection(ProjectConfigurationPlatforms) = postSolution
		{9C925E59-7157-405C-90B9-53BC0FD907CD}.Debug|Any CPU.ActiveCfg = Debug|Any CPU
		{9C925E59-7157-405C-90B9-53BC0FD907CD}.Debug|Any CPU.Build.0 = Debug|Any CPU
		{9C925E59-7157-405C-90B9-53BC0FD907CD}.Release|Any CPU.ActiveCfg = Release|Any CPU
		{9C925E59-7157-405C-90B9-53BC0FD907CD}.Release|Any CPU.Build.0 = Release|Any CPU
	EndGlobalSection
	GlobalSection(SolutionProperties) = preSolution
		HideSolutionNode = FALSE
	EndGlobalSection
	GlobalSection(ExtensibilityGlobals) = postSolution
		SolutionGuid = {A57CBF8C-3670-4FFE-8EEF-64986B4A696A}
	EndGlobalSection
EndGlobal
